
Microsoft Visual Studio Solution File, Format Version 12.00
# Visual Studio Version 17
VisualStudioVersion = 17.3.32901.215
MinimumVisualStudioVersion = 10.0.40219.1
Project("{FAE04EC0-301F-11D3-BF4B-00C04F79EFBC}") = "QLTBDH", "UI UX Dashboard P1\QLTBDH.csproj", "{7B03FFB1-8550-437D-BA67-3AA850E7B854}"
EndProject
Global
	GlobalSection(SolutionConfigurationPlatforms) = preSolution
		Debug|Any CPU = Debug|Any CPU
		Release|Any CPU = Release|Any CPU
	EndGlobalSection
	GlobalSection(ProjectConfigurationPlatforms) = postSolution
		{7B03FFB1-8550-437D-BA67-3AA850E7B854}.Debug|Any CPU.ActiveCfg = Debug|Any CPU
		{7B03FFB1-8550-437D-BA67-3AA850E7B854}.Debug|Any CPU.Build.0 = Debug|Any CPU
		{7B03FFB1-8550-437D-BA67-3AA850E7B854}.Release|Any CPU.ActiveCfg = Release|Any CPU
		{7B03FFB1-8550-437D-BA67-3AA850E7B854}.Release|Any CPU.Build.0 = Release|Any CPU
	EndGlobalSection
	GlobalSection(SolutionProperties) = preSolution
		HideSolutionNode = FALSE
	EndGlobalSection
	GlobalSection(ExtensibilityGlobals) = postSolution
		SolutionGuid = {14E3AAE7-4841-4008-B3AD-063796789CF1}
	EndGlobalSection
EndGlobal
